
Microsoft Visual Studio Solution File, Format Version 12.00
# Visual Studio Version 16
VisualStudioVersion = 16.0.30907.101
MinimumVisualStudioVersion = 10.0.40219.1
Project("{FAE04EC0-301F-11D3-BF4B-00C04F79EFBC}") = "CheckerBoard-DEMO", "CheckerBoard-DEMO\CheckerBoard-DEMO.csproj", "{148ED295-ACF7-48E0-856F-5794D55EAC4F}"
EndProject
Global
	GlobalSection(SolutionConfigurationPlatforms) = preSolution
		Debug|Any CPU = Debug|Any CPU
		Release|Any CPU = Release|Any CPU
	EndGlobalSection
	GlobalSection(ProjectConfigurationPlatforms) = postSolution
		{148ED295-ACF7-48E0-856F-5794D55EAC4F}.Debug|Any CPU.ActiveCfg = Debug|Any CPU
		{148ED295-ACF7-48E0-856F-5794D55EAC4F}.Debug|Any CPU.Build.0 = Debug|Any CPU
		{148ED295-ACF7-48E0-856F-5794D55EAC4F}.Release|Any CPU.ActiveCfg = Release|Any CPU
		{148ED295-ACF7-48E0-856F-5794D55EAC4F}.Release|Any CPU.Build.0 = Release|Any CPU
	EndGlobalSection
	GlobalSection(SolutionProperties) = preSolution
		HideSolutionNode = FALSE
	EndGlobalSection
	GlobalSection(ExtensibilityGlobals) = postSolution
		SolutionGuid = {09758CA0-3ACD-42CD-A7B4-E3F44B3EFA5D}
	EndGlobalSection
EndGlobal
